
Microsoft Visual Studio Solution File, Format Version 12.00
# Visual Studio Version 17
VisualStudioVersion = 17.6.33712.159
MinimumVisualStudioVersion = 10.0.40219.1
Project("{FAE04EC0-301F-11D3-BF4B-00C04F79EFBC}") = "chatbox.zapp", "chatbox.zapp\chatbox.zapp.csproj", "{08ADEDF1-3AC1-4289-A066-FA38E858D2C6}"
EndProject
Global
	GlobalSection(SolutionConfigurationPlatforms) = preSolution
		Debug|Any CPU = Debug|Any CPU
		Release|Any CPU = Release|Any CPU
	EndGlobalSection
	GlobalSection(ProjectConfigurationPlatforms) = postSolution
		{08ADEDF1-3AC1-4289-A066-FA38E858D2C6}.Debug|Any CPU.ActiveCfg = Debug|Any CPU
		{08ADEDF1-3AC1-4289-A066-FA38E858D2C6}.Debug|Any CPU.Build.0 = Debug|Any CPU
		{08ADEDF1-3AC1-4289-A066-FA38E858D2C6}.Release|Any CPU.ActiveCfg = Release|Any CPU
		{08ADEDF1-3AC1-4289-A066-FA38E858D2C6}.Release|Any CPU.Build.0 = Release|Any CPU
	EndGlobalSection
	GlobalSection(SolutionProperties) = preSolution
		HideSolutionNode = FALSE
	EndGlobalSection
	GlobalSection(ExtensibilityGlobals) = postSolution
		SolutionGuid = {69D6D885-850D-45B9-B3FE-C37D47019C54}
	EndGlobalSection
EndGlobal
